
Microsoft Visual Studio Solution File, Format Version 12.00
# Visual Studio Version 17
VisualStudioVersion = 17.0.31903.59
MinimumVisualStudioVersion = 10.0.40219.1
Project("{2150E333-8FDC-42A3-9474-1A3956D46DE8}") = "backend", "backend", "{90D09F3D-F9BC-49E4-AFCD-C9F83FDB499D}"
EndProject
Project("{FAE04EC0-301F-11D3-BF4B-00C04F79EFBC}") = "QueueSystem.Api", "backend\QueueSystem.Api\QueueSystem.Api.csproj", "{8E20A4A9-155D-4B22-A01F-24668EEE928B}"
EndProject
Global
	GlobalSection(SolutionConfigurationPlatforms) = preSolution
		Debug|Any CPU = Debug|Any CPU
		Release|Any CPU = Release|Any CPU
	EndGlobalSection
	GlobalSection(SolutionProperties) = preSolution
		HideSolutionNode = FALSE
	EndGlobalSection
	GlobalSection(ProjectConfigurationPlatforms) = postSolution
		{8E20A4A9-155D-4B22-A01F-24668EEE928B}.Debug|Any CPU.ActiveCfg = Debug|Any CPU
		{8E20A4A9-155D-4B22-A01F-24668EEE928B}.Debug|Any CPU.Build.0 = Debug|Any CPU
		{8E20A4A9-155D-4B22-A01F-24668EEE928B}.Release|Any CPU.ActiveCfg = Release|Any CPU
		{8E20A4A9-155D-4B22-A01F-24668EEE928B}.Release|Any CPU.Build.0 = Release|Any CPU
	EndGlobalSection
	GlobalSection(NestedProjects) = preSolution
		{8E20A4A9-155D-4B22-A01F-24668EEE928B} = {90D09F3D-F9BC-49E4-AFCD-C9F83FDB499D}
	EndGlobalSection
EndGlobal
